
Microsoft Visual Studio Solution File, Format Version 12.00
# Visual Studio Version 16
VisualStudioVersion = 25.0.1704.2
MinimumVisualStudioVersion = 10.0.40219.1
Project("{FAE04EC0-301F-11D3-BF4B-00C04F79EFBC}") = "Lab2", "Lab2\Lab2.csproj", "{B3F2AC4C-21A8-49D9-A499-73D122647721}"
EndProject
Global
	GlobalSection(SolutionConfigurationPlatforms) = preSolution
		Debug|Any CPU = Debug|Any CPU
		Release|Any CPU = Release|Any CPU
	EndGlobalSection
	GlobalSection(ProjectConfigurationPlatforms) = postSolution
		{B3F2AC4C-21A8-49D9-A499-73D122647721}.Debug|Any CPU.ActiveCfg = Debug|Any CPU
		{B3F2AC4C-21A8-49D9-A499-73D122647721}.Debug|Any CPU.Build.0 = Debug|Any CPU
		{B3F2AC4C-21A8-49D9-A499-73D122647721}.Release|Any CPU.ActiveCfg = Release|Any CPU
		{B3F2AC4C-21A8-49D9-A499-73D122647721}.Release|Any CPU.Build.0 = Release|Any CPU
	EndGlobalSection
	GlobalSection(SolutionProperties) = preSolution
		HideSolutionNode = FALSE
	EndGlobalSection
	GlobalSection(ExtensibilityGlobals) = postSolution
		SolutionGuid = {2BB993CA-3FB6-41E4-A408-DE07064BB35F}
	EndGlobalSection
EndGlobal
